
Microsoft Visual Studio Solution File, Format Version 11.00
# Visual Studio 2010
Project("{2150E333-8FDC-42A3-9474-1A3956D46DE8}") = "Samples", "Samples", "{F2F270EB-57B7-48D9-BFDE-CC8540146C45}"
EndProject
Project("{2150E333-8FDC-42A3-9474-1A3956D46DE8}") = "Tests", "Tests", "{2A2CCEB1-E63A-4DDF-8B6F-4DFA04AC181F}"
EndProject
Project("{F2A71F9B-5D33-465A-A702-920D77279786}") = "PipeletsDemo", "samples\PipeletsDemo\PipeletsDemo.fsproj", "{A703F411-C739-4FB8-A411-7CF30F327223}"
EndProject
Project("{F2A71F9B-5D33-465A-A702-920D77279786}") = "TestServer", "samples\TestServer\TestServer.fsproj", "{D63F1B3C-17EB-4A3B-873A-C07499E7375D}"
EndProject
Project("{F2A71F9B-5D33-465A-A702-920D77279786}") = "TestClient", "samples\TestClient\TestClient.fsproj", "{1452EF4F-C72F-4678-9716-E5358BB2659A}"
EndProject
Project("{F2A71F9B-5D33-465A-A702-920D77279786}") = "Fracture", "src\fracture\Fracture.fsproj", "{020697D7-24A3-4CE4-A326-D2C7C204FFDE}"
EndProject
Project("{F2A71F9B-5D33-465A-A702-920D77279786}") = "Fracture.Tests", "tests\Fracture.Tests\Fracture.Tests.fsproj", "{43B4FEB8-E0EF-4510-81B9-314059D2473B}"
EndProject
Project("{F2A71F9B-5D33-465A-A702-920D77279786}") = "Fracture.Http", "src\http\Fracture.Http.fsproj", "{13571762-E1C9-492A-9141-37AA0094759A}"
EndProject
Project("{F2A71F9B-5D33-465A-A702-920D77279786}") = "Fracture.Http.Tests", "tests\Http.Tests\Fracture.Http.Tests.fsproj", "{D208FDA3-0198-478F-8596-A91ADEDB76C6}"
EndProject
Project("{2150E333-8FDC-42A3-9474-1A3956D46DE8}") = "Solution Items", "Solution Items", "{04847EAA-343D-4C73-9C06-664F0DF5C9C6}"
	ProjectSection(SolutionItems) = preProject
		build.bat = build.bat
		build.fsx = build.fsx
		build.sh = build.sh
		fracture.nuspec = fracture.nuspec
		LICENSE.txt = LICENSE.txt
	EndProjectSection
EndProject
Global
	GlobalSection(SolutionConfigurationPlatforms) = preSolution
		Debug|Any CPU = Debug|Any CPU
		Debug|Mixed Platforms = Debug|Mixed Platforms
		Release|Any CPU = Release|Any CPU
		Release|Mixed Platforms = Release|Mixed Platforms
	EndGlobalSection
	GlobalSection(ProjectConfigurationPlatforms) = postSolution
		{A703F411-C739-4FB8-A411-7CF30F327223}.Debug|Any CPU.ActiveCfg = Debug|Any CPU
		{A703F411-C739-4FB8-A411-7CF30F327223}.Debug|Any CPU.Build.0 = Debug|Any CPU
		{A703F411-C739-4FB8-A411-7CF30F327223}.Debug|Mixed Platforms.ActiveCfg = Debug|Any CPU
		{A703F411-C739-4FB8-A411-7CF30F327223}.Debug|Mixed Platforms.Build.0 = Debug|Any CPU
		{A703F411-C739-4FB8-A411-7CF30F327223}.Release|Any CPU.ActiveCfg = Release|Any CPU
		{A703F411-C739-4FB8-A411-7CF30F327223}.Release|Any CPU.Build.0 = Release|Any CPU
		{A703F411-C739-4FB8-A411-7CF30F327223}.Release|Mixed Platforms.ActiveCfg = Release|Any CPU
		{A703F411-C739-4FB8-A411-7CF30F327223}.Release|Mixed Platforms.Build.0 = Release|Any CPU
		{D63F1B3C-17EB-4A3B-873A-C07499E7375D}.Debug|Any CPU.ActiveCfg = Debug|Any CPU
		{D63F1B3C-17EB-4A3B-873A-C07499E7375D}.Debug|Any CPU.Build.0 = Debug|Any CPU
		{D63F1B3C-17EB-4A3B-873A-C07499E7375D}.Debug|Mixed Platforms.ActiveCfg = Debug|Any CPU
		{D63F1B3C-17EB-4A3B-873A-C07499E7375D}.Debug|Mixed Platforms.Build.0 = Debug|Any CPU
		{D63F1B3C-17EB-4A3B-873A-C07499E7375D}.Release|Any CPU.ActiveCfg = Release|Any CPU
		{D63F1B3C-17EB-4A3B-873A-C07499E7375D}.Release|Any CPU.Build.0 = Release|Any CPU
		{D63F1B3C-17EB-4A3B-873A-C07499E7375D}.Release|Mixed Platforms.ActiveCfg = Release|Any CPU
		{D63F1B3C-17EB-4A3B-873A-C07499E7375D}.Release|Mixed Platforms.Build.0 = Release|Any CPU
		{1452EF4F-C72F-4678-9716-E5358BB2659A}.Debug|Any CPU.ActiveCfg = Debug|Any CPU
		{1452EF4F-C72F-4678-9716-E5358BB2659A}.Debug|Any CPU.Build.0 = Debug|Any CPU
		{1452EF4F-C72F-4678-9716-E5358BB2659A}.Debug|Mixed Platforms.ActiveCfg = Debug|Any CPU
		{1452EF4F-C72F-4678-9716-E5358BB2659A}.Debug|Mixed Platforms.Build.0 = Debug|Any CPU
		{1452EF4F-C72F-4678-9716-E5358BB2659A}.Release|Any CPU.ActiveCfg = Release|Any CPU
		{1452EF4F-C72F-4678-9716-E5358BB2659A}.Release|Any CPU.Build.0 = Release|Any CPU
		{1452EF4F-C72F-4678-9716-E5358BB2659A}.Release|Mixed Platforms.ActiveCfg = Release|Any CPU
		{1452EF4F-C72F-4678-9716-E5358BB2659A}.Release|Mixed Platforms.Build.0 = Release|Any CPU
		{020697D7-24A3-4CE4-A326-D2C7C204FFDE}.Debug|Any CPU.ActiveCfg = Debug|Any CPU
		{020697D7-24A3-4CE4-A326-D2C7C204FFDE}.Debug|Any CPU.Build.0 = Debug|Any CPU
		{020697D7-24A3-4CE4-A326-D2C7C204FFDE}.Debug|Mixed Platforms.ActiveCfg = Debug|Any CPU
		{020697D7-24A3-4CE4-A326-D2C7C204FFDE}.Debug|Mixed Platforms.Build.0 = Debug|Any CPU
		{020697D7-24A3-4CE4-A326-D2C7C204FFDE}.Release|Any CPU.ActiveCfg = Release|Any CPU
		{020697D7-24A3-4CE4-A326-D2C7C204FFDE}.Release|Any CPU.Build.0 = Release|Any CPU
		{020697D7-24A3-4CE4-A326-D2C7C204FFDE}.Release|Mixed Platforms.ActiveCfg = Release|Any CPU
		{020697D7-24A3-4CE4-A326-D2C7C204FFDE}.Release|Mixed Platforms.Build.0 = Release|Any CPU
		{43B4FEB8-E0EF-4510-81B9-314059D2473B}.Debug|Any CPU.ActiveCfg = Debug|Any CPU
		{43B4FEB8-E0EF-4510-81B9-314059D2473B}.Debug|Any CPU.Build.0 = Debug|Any CPU
		{43B4FEB8-E0EF-4510-81B9-314059D2473B}.Debug|Mixed Platforms.ActiveCfg = Debug|Any CPU
		{43B4FEB8-E0EF-4510-81B9-314059D2473B}.Debug|Mixed Platforms.Build.0 = Debug|Any CPU
		{43B4FEB8-E0EF-4510-81B9-314059D2473B}.Release|Any CPU.ActiveCfg = Release|Any CPU
		{43B4FEB8-E0EF-4510-81B9-314059D2473B}.Release|Any CPU.Build.0 = Release|Any CPU
		{43B4FEB8-E0EF-4510-81B9-314059D2473B}.Release|Mixed Platforms.ActiveCfg = Release|Any CPU
		{43B4FEB8-E0EF-4510-81B9-314059D2473B}.Release|Mixed Platforms.Build.0 = Release|Any CPU
		{13571762-E1C9-492A-9141-37AA0094759A}.Debug|Any CPU.ActiveCfg = Debug|Any CPU
		{13571762-E1C9-492A-9141-37AA0094759A}.Debug|Any CPU.Build.0 = Debug|Any CPU
		{13571762-E1C9-492A-9141-37AA0094759A}.Debug|Mixed Platforms.ActiveCfg = Debug|Any CPU
		{13571762-E1C9-492A-9141-37AA0094759A}.Debug|Mixed Platforms.Build.0 = Debug|Any CPU
		{13571762-E1C9-492A-9141-37AA0094759A}.Release|Any CPU.ActiveCfg = Release|Any CPU
		{13571762-E1C9-492A-9141-37AA0094759A}.Release|Any CPU.Build.0 = Release|Any CPU
		{13571762-E1C9-492A-9141-37AA0094759A}.Release|Mixed Platforms.ActiveCfg = Release|Any CPU
		{13571762-E1C9-492A-9141-37AA0094759A}.Release|Mixed Platforms.Build.0 = Release|Any CPU
		{D208FDA3-0198-478F-8596-A91ADEDB76C6}.Debug|Any CPU.ActiveCfg = Debug|Any CPU
		{D208FDA3-0198-478F-8596-A91ADEDB76C6}.Debug|Any CPU.Build.0 = Debug|Any CPU
		{D208FDA3-0198-478F-8596-A91ADEDB76C6}.Debug|Mixed Platforms.ActiveCfg = Debug|Any CPU
		{D208FDA3-0198-478F-8596-A91ADEDB76C6}.Debug|Mixed Platforms.Build.0 = Debug|Any CPU
		{D208FDA3-0198-478F-8596-A91ADEDB76C6}.Release|Any CPU.ActiveCfg = Release|Any CPU
		{D208FDA3-0198-478F-8596-A91ADEDB76C6}.Release|Any CPU.Build.0 = Release|Any CPU
		{D208FDA3-0198-478F-8596-A91ADEDB76C6}.Release|Mixed Platforms.ActiveCfg = Release|Any CPU
		{D208FDA3-0198-478F-8596-A91ADEDB76C6}.Release|Mixed Platforms.Build.0 = Release|Any CPU
	EndGlobalSection
	GlobalSection(SolutionProperties) = preSolution
		HideSolutionNode = FALSE
	EndGlobalSection
	GlobalSection(NestedProjects) = preSolution
		{A703F411-C739-4FB8-A411-7CF30F327223} = {F2F270EB-57B7-48D9-BFDE-CC8540146C45}
		{D63F1B3C-17EB-4A3B-873A-C07499E7375D} = {F2F270EB-57B7-48D9-BFDE-CC8540146C45}
		{1452EF4F-C72F-4678-9716-E5358BB2659A} = {F2F270EB-57B7-48D9-BFDE-CC8540146C45}
		{43B4FEB8-E0EF-4510-81B9-314059D2473B} = {2A2CCEB1-E63A-4DDF-8B6F-4DFA04AC181F}
		{D208FDA3-0198-478F-8596-A91ADEDB76C6} = {2A2CCEB1-E63A-4DDF-8B6F-4DFA04AC181F}
	EndGlobalSection
EndGlobal
